#MicroXplorer Configuration settings - do not modify
Mcu.Family=STM32F0
VP_TIM14_VS_no_output1.Mode=Output Compare1 No Output
ProjectManager.MainLocation=Core/Src
PA2.GPIO_PuPd=GPIO_PULLUP
RCC.USART1Freq_Value=48000000
TIM17.Prescaler=4
VP_TIM17_VS_ClockSourceINT.Mode=Enable_Timer
I2C1.I2C_Speed_Mode=I2C_Fast
ProjectManager.KeepUserCode=true
Mcu.UserName=STM32F030F4Px
RCC.PLLCLKFreq_Value=48000000
PA3.GPIO_PuPd=GPIO_PULLUP
PA0.GPIO_Label=AIN2
ProjectManager.functionlistsort=1-MX_GPIO_Init-GPIO-false-HAL-true,2-SystemClock_Config-RCC-false-HAL-false,3-MX_TIM16_Init-TIM16-false-HAL-true,4-MX_TIM17_Init-TIM17-false-HAL-true,5-MX_TIM3_Init-TIM3-false-HAL-true,6-MX_I2C1_Init-I2C1-false-HAL-true,7-MX_TIM14_Init-TIM14-false-HAL-true
PA9.GPIOParameters=GPIO_PuPdOD
PA3.GPIOParameters=GPIO_Speed,GPIO_PuPd,GPIO_Label
PA6.GPIO_Label=PWMA
NVIC.SVC_IRQn=true\:0\:0\:false\:false\:true\:false\:false
PA3.GPIO_Speed=GPIO_SPEED_FREQ_MEDIUM
PA2.GPIOParameters=GPIO_PuPd,GPIO_Label
PinOutPanel.RotationAngle=0
RCC.SYSCLKSource=RCC_SYSCLKSOURCE_PLLCLK
ProjectManager.StackSize=0x400
Mcu.IP4=TIM3
RCC.FCLKCortexFreq_Value=48000000
Mcu.IP5=TIM14
I2C1.IPParameters=OwnAddress,NoStretchMode,I2C_Speed_Mode,Timing
Mcu.IP2=RCC
Mcu.IP3=SYS
Mcu.IP0=I2C1
Mcu.IP1=NVIC
Mcu.UserConstants=
SH.S_TIM3_CH2.ConfNb=1
PF0-OSC_IN.GPIO_PuPd=GPIO_PULLUP
Mcu.ThirdPartyNb=0
NVIC.TIM17_IRQn=true\:0\:0\:false\:false\:true\:true\:true
RCC.HCLKFreq_Value=48000000
Mcu.IPNb=8
ProjectManager.PreviousToolchain=
TIM3.Period=256
Mcu.Pin6=PA4
TIM17.IPParameters=Channel,Pulse,Period,OC1Preload,Prescaler
Mcu.Pin7=PA6
Mcu.Pin8=PA7
Mcu.Pin9=PA9
PA1.GPIO_PuPd=GPIO_PULLUP
RCC.AHBFreq_Value=48000000
Mcu.Pin0=PF0-OSC_IN
Mcu.Pin1=PF1-OSC_OUT
TIM3.Channel-PWM\ Generation1\ CH1=TIM_CHANNEL_1
GPIO.groupedBy=Group By Peripherals
Mcu.Pin2=PA0
Mcu.Pin3=PA1
Mcu.Pin4=PA2
Mcu.Pin5=PA3
ProjectManager.ProjectBuild=false
PA0.Locked=true
PF0-OSC_IN.GPIO_Label=AD0
PA4.GPIO_PuPd=GPIO_PULLUP
PA4.Locked=true
TIM17.Channel=TIM_CHANNEL_1
TIM14.Period=1088
NVIC.SysTick_IRQn=true\:0\:0\:false\:false\:true\:false\:true
RCC.PLLMUL=RCC_PLL_MUL12
PA4.GPIO_Speed=GPIO_SPEED_FREQ_MEDIUM
TIM17.Period=65535
ProjectManager.FirmwarePackage=STM32Cube FW_F0 V1.11.2
MxDb.Version=DB.6.0.21
PA6.GPIO_PuPd=GPIO_PULLUP
PA1.GPIOParameters=GPIO_Speed,PinState,GPIO_PuPd,GPIO_Label
I2C1.NoStretchMode=I2C_NOSTRETCH_DISABLE
ProjectManager.BackupPrevious=false
PF0-OSC_IN.Locked=true
TIM3.Prescaler=0
File.Version=6
NVIC.PendSV_IRQn=true\:0\:0\:false\:false\:true\:false\:false
SH.S_TIM3_CH1.0=TIM3_CH1,PWM Generation1 CH1
ProjectManager.HalAssertFull=false
TIM16.Pulse=0
ProjectManager.ProjectName=VibrationDriver
PA0.Signal=GPIO_Output
Mcu.Package=TSSOP20
PA6.Signal=S_TIM3_CH1
PA7.Locked=true
PA10.GPIO_PuPdOD=GPIO_NOPULL
PA0.GPIO_PuPd=GPIO_PULLUP
ProjectManager.ToolChainLocation=
PA2.GPIO_Label=S_STAY
VP_SYS_VS_Systick.Signal=SYS_VS_Systick
PA10.Signal=I2C1_SDA
PA1.PinState=GPIO_PIN_SET
TIM17.OC1Preload=ENABLE
RCC.APB1TimFreq_Value=48000000
TIM3.Pulse-PWM\ Generation2\ CH2=256
VP_TIM14_VS_ClockSourceINT.Mode=Enable_Timer
TIM16.Prescaler=4
PA6.GPIO_Speed=GPIO_SPEED_FREQ_MEDIUM
TIM14.IPParameters=Channel,Period
PA4.GPIO_Label=BIN2
ProjectManager.CustomerFirmwarePackage=
VP_TIM3_VS_ClockSourceINT.Mode=Internal
PF1-OSC_OUT.Signal=GPIO_Input
PA3.Signal=GPIO_Output
PA2.Locked=true
PA6.GPIOParameters=GPIO_Speed,GPIO_PuPd,GPIO_Label
NVIC.TIM14_IRQn=true\:0\:0\:false\:false\:true\:true\:true
ProjectManager.ProjectFileName=VibrationDriver.ioc
PA10.Mode=I2C
Mcu.PinsNb=19
VP_TIM14_VS_ClockSourceINT.Signal=TIM14_VS_ClockSourceINT
TIM3.AutoReloadPreload=TIM_AUTORELOAD_PRELOAD_ENABLE
TIM17.Pulse=0
ProjectManager.NoMain=false
ProjectManager.DefaultFWLocation=true
VP_TIM16_VS_ClockSourceINT.Mode=Enable_Timer
NVIC.TIM16_IRQn=true\:0\:0\:false\:false\:true\:true\:true
ProjectManager.DeletePrevious=true
PF1-OSC_OUT.Locked=true
VP_TIM17_VS_ClockSourceINT.Signal=TIM17_VS_ClockSourceINT
TIM16.Channel=TIM_CHANNEL_1
RCC.FamilyName=M
PA0.GPIO_Speed=GPIO_SPEED_FREQ_MEDIUM
PA9.Mode=I2C
TIM3.Pulse-PWM\ Generation1\ CH1=256
PA4.PinState=GPIO_PIN_SET
ProjectManager.TargetToolchain=STM32CubeIDE
PF1-OSC_OUT.GPIO_PuPd=GPIO_PULLUP
PA9.Signal=I2C1_SCL
I2C1.Timing=0x0000020B
VP_TIM17_VS_no_output1.Signal=TIM17_VS_no_output1
ProjectManager.RegisterCallBack=
VP_TIM3_VS_ClockSourceINT.Signal=TIM3_VS_ClockSourceINT
PF1-OSC_OUT.GPIOParameters=GPIO_PuPd,GPIO_Label
PA7.GPIO_PuPd=GPIO_PULLUP
PA1.Signal=GPIO_Output
SH.S_TIM3_CH2.0=TIM3_CH2,PWM Generation2 CH2
board=custom
VP_TIM16_VS_no_output1.Signal=TIM16_VS_no_output1
ProjectManager.LastFirmware=true
PA7.GPIO_Speed=GPIO_SPEED_FREQ_MEDIUM
TIM16.Period=65535
TIM16.ClockDivision=TIM_CLOCKDIVISION_DIV1
VP_TIM16_VS_no_output1.Mode=Output Compare1 No Output
TIM14.Channel=TIM_CHANNEL_1
MxCube.Version=6.2.1
PA1.GPIO_Speed=GPIO_SPEED_FREQ_MEDIUM
PF1-OSC_OUT.GPIO_Label=AD1
PA1.GPIO_Label=AIN1
PA10.GPIOParameters=GPIO_PuPdOD
VP_SYS_VS_Systick.Mode=SysTick
TIM3.IPParameters=Channel-PWM Generation1 CH1,Channel-PWM Generation2 CH2,Period,Pulse-PWM Generation1 CH1,Pulse-PWM Generation2 CH2,AutoReloadPreload,Prescaler
PA9.GPIO_PuPdOD=GPIO_NOPULL
VP_TIM16_VS_ClockSourceINT.Signal=TIM16_VS_ClockSourceINT
NVIC.NonMaskableInt_IRQn=true\:0\:0\:false\:false\:true\:false\:false
PA4.GPIOParameters=GPIO_Speed,PinState,GPIO_PuPd,GPIO_Label
ProjectManager.FreePins=false
RCC.IPParameters=AHBFreq_Value,APB1Freq_Value,APB1TimFreq_Value,FCLKCortexFreq_Value,FamilyName,HCLKFreq_Value,PLLCLKFreq_Value,PLLMUL,SYSCLKFreq_VALUE,SYSCLKSource,TimSysFreq_Value,USART1Freq_Value
ProjectManager.AskForMigrate=true
Mcu.Name=STM32F030F4Px
PA2.Signal=GPIO_Input
ProjectManager.UnderRoot=true
I2C1.OwnAddress=63
Mcu.IP6=TIM16
Mcu.IP7=TIM17
ProjectManager.CoupleFile=false
PA4.Signal=GPIO_Output
RCC.SYSCLKFreq_VALUE=48000000
RCC.TimSysFreq_Value=48000000
PA1.Locked=true
PA7.GPIO_Label=PWMB
PA3.Locked=true
NVIC.ForceEnableDMAVector=true
KeepUserPlacement=false
VP_TIM17_VS_no_output1.Mode=Output Compare1 No Output
ProjectManager.CompilerOptimize=6
ProjectManager.HeapSize=0x200
PA0.GPIOParameters=GPIO_Speed,GPIO_PuPd,GPIO_Label
Mcu.Pin15=VP_TIM16_VS_ClockSourceINT
NVIC.HardFault_IRQn=true\:0\:0\:false\:false\:true\:false\:false
Mcu.Pin16=VP_TIM16_VS_no_output1
Mcu.Pin13=VP_TIM14_VS_ClockSourceINT
Mcu.Pin14=VP_TIM14_VS_no_output1
SH.S_TIM3_CH1.ConfNb=1
ProjectManager.ComputerToolchain=false
Mcu.Pin17=VP_TIM17_VS_ClockSourceINT
Mcu.Pin18=VP_TIM17_VS_no_output1
Mcu.Pin11=VP_SYS_VS_Systick
TIM3.Channel-PWM\ Generation2\ CH2=TIM_CHANNEL_2
Mcu.Pin12=VP_TIM3_VS_ClockSourceINT
Mcu.Pin10=PA10
TIM16.IPParameters=Channel,ClockDivision,Period,Prescaler,Pulse,OC1Preload
PF0-OSC_IN.Signal=GPIO_Input
PF0-OSC_IN.GPIOParameters=GPIO_PuPd,GPIO_Label
RCC.APB1Freq_Value=48000000
TIM16.OC1Preload=ENABLE
PA7.GPIOParameters=GPIO_Speed,GPIO_PuPd,GPIO_Label
ProjectManager.DeviceId=STM32F030F4Px
VP_TIM14_VS_no_output1.Signal=TIM14_VS_no_output1
ProjectManager.LibraryCopy=1
PA3.GPIO_Label=BIN1
PA7.Signal=S_TIM3_CH2
PA6.Locked=true
isbadioc=false
